
Microsoft Visual Studio Solution File, Format Version 12.00
# Visual Studio Version 17
VisualStudioVersion = 17.8.34330.188
MinimumVisualStudioVersion = 10.0.40219.1
Project("{9A19103F-16F7-4668-BE54-9A1E7A4F7556}") = "Common", "Common\Common.csproj", "{494E0560-3B1F-49C8-884B-C11DEA480911}"
EndProject
Project("{9A19103F-16F7-4668-BE54-9A1E7A4F7556}") = "JwtAuthenticationManager", "JwtAuthenticationManager\JwtAuthenticationManager.csproj", "{BE8F35BD-9D86-444F-B22D-6FD0734445BE}"
EndProject
Project("{9A19103F-16F7-4668-BE54-9A1E7A4F7556}") = "AuthService", "AuthService\AuthService.csproj", "{694129F2-0C3A-498C-8027-93E351B3EBAF}"
EndProject
Project("{2150E333-8FDC-42A3-9474-1A3956D46DE8}") = "ApiGateway", "ApiGateway", "{C2A9A95C-F967-45AC-9F52-9A3323AF4158}"
EndProject
Project("{9A19103F-16F7-4668-BE54-9A1E7A4F7556}") = "ApiGatewayOcelot", "ApiGatewayOcelot\ApiGatewayOcelot.csproj", "{D55CD879-5CE5-491A-8CAB-1980FE4A3FB8}"
EndProject
Project("{2150E333-8FDC-42A3-9474-1A3956D46DE8}") = "Auth", "Auth", "{03633DB6-71E5-4C6B-B3C4-E998ABF9E458}"
EndProject
Project("{2150E333-8FDC-42A3-9474-1A3956D46DE8}") = "ProductDetail", "ProductDetail", "{498AC205-C3B6-4E6D-AE56-83DC3421E7B6}"
EndProject
Project("{9A19103F-16F7-4668-BE54-9A1E7A4F7556}") = "ProductDetailService", "ProductDetailService\ProductDetailService.csproj", "{E13CB089-C458-4BB0-8AE3-E84859F90F9D}"
EndProject
Project("{9A19103F-16F7-4668-BE54-9A1E7A4F7556}") = "ProductDetailBLL", "ProductDetailBLL\ProductDetailBLL.csproj", "{19B73668-32C2-4F08-B8B5-C4565288B759}"
EndProject
Project("{9A19103F-16F7-4668-BE54-9A1E7A4F7556}") = "ProductDetailDAL", "ProductDetailDAL\ProductDetailDAL.csproj", "{BF560D64-1522-4ED6-A6EA-F9833487AB93}"
EndProject
Project("{2150E333-8FDC-42A3-9474-1A3956D46DE8}") = "Product", "Product", "{4C9CEE45-FB71-4AFA-818D-AB9B5DB4FD2C}"
EndProject
Project("{9A19103F-16F7-4668-BE54-9A1E7A4F7556}") = "ProductService", "ProductService\ProductService.csproj", "{E288B966-0334-4AC7-B549-BBE7C77F9286}"
EndProject
Project("{9A19103F-16F7-4668-BE54-9A1E7A4F7556}") = "ProductBLL", "ProductBLL\ProductBLL.csproj", "{B0A5F636-1FA0-4E73-9A1D-509ECAFD06FF}"
EndProject
Project("{9A19103F-16F7-4668-BE54-9A1E7A4F7556}") = "ProductDAL", "ProductDAL\ProductDAL.csproj", "{3C66D341-B465-4F4B-80C9-079396A2F77E}"
EndProject
Project("{2150E333-8FDC-42A3-9474-1A3956D46DE8}") = "Cart", "Cart", "{8B9DE939-10F6-4608-B397-28FDFEA64890}"
EndProject
Project("{9A19103F-16F7-4668-BE54-9A1E7A4F7556}") = "CartService", "CartService\CartService.csproj", "{DFE07C77-520C-4306-9AA1-BA20E79C563B}"
EndProject
Project("{9A19103F-16F7-4668-BE54-9A1E7A4F7556}") = "CartDAL", "CartDAL\CartDAL.csproj", "{DB43913C-F505-43AF-9831-D2B7431A2A8C}"
EndProject
Project("{9A19103F-16F7-4668-BE54-9A1E7A4F7556}") = "CartBLL", "CartBLL\CartBLL.csproj", "{77E9619D-D6F0-48F4-A6BD-D5F77A07A711}"
EndProject
Project("{2150E333-8FDC-42A3-9474-1A3956D46DE8}") = "Order", "Order", "{952FF4B5-478B-4808-A8DF-641EE000BFC6}"
EndProject
Project("{9A19103F-16F7-4668-BE54-9A1E7A4F7556}") = "OrderService", "OrderService\OrderService.csproj", "{DE6095F3-2677-4568-9FA6-0F13FD2778F9}"
EndProject
Project("{9A19103F-16F7-4668-BE54-9A1E7A4F7556}") = "OrderBLL", "OrderBLL\OrderBLL.csproj", "{1A336167-4B8F-419A-BC43-39EA6F1F2EB9}"
EndProject
Project("{9A19103F-16F7-4668-BE54-9A1E7A4F7556}") = "OrderDAL", "OrderDAL\OrderDAL.csproj", "{20D6C08F-9973-42F3-AB07-A5733D4B2E23}"
EndProject
Project("{E53339B2-1760-4266-BCC7-CA923CBCF16C}") = "docker-compose", "docker-compose.dcproj", "{3839E46A-B784-4E62-A2B1-C7243F590AF4}"
EndProject
Project("{2150E333-8FDC-42A3-9474-1A3956D46DE8}") = "Solution Items", "Solution Items", "{92A67CFC-2221-4352-997F-DD8D01AB8E98}"
	ProjectSection(SolutionItems) = preProject
		.gitignore = .gitignore
	EndProjectSection
EndProject
Global
	GlobalSection(SolutionConfigurationPlatforms) = preSolution
		Debug|Any CPU = Debug|Any CPU
		Release|Any CPU = Release|Any CPU
	EndGlobalSection
	GlobalSection(ProjectConfigurationPlatforms) = postSolution
		{494E0560-3B1F-49C8-884B-C11DEA480911}.Debug|Any CPU.ActiveCfg = Debug|Any CPU
		{494E0560-3B1F-49C8-884B-C11DEA480911}.Debug|Any CPU.Build.0 = Debug|Any CPU
		{494E0560-3B1F-49C8-884B-C11DEA480911}.Release|Any CPU.ActiveCfg = Release|Any CPU
		{494E0560-3B1F-49C8-884B-C11DEA480911}.Release|Any CPU.Build.0 = Release|Any CPU
		{BE8F35BD-9D86-444F-B22D-6FD0734445BE}.Debug|Any CPU.ActiveCfg = Debug|Any CPU
		{BE8F35BD-9D86-444F-B22D-6FD0734445BE}.Debug|Any CPU.Build.0 = Debug|Any CPU
		{BE8F35BD-9D86-444F-B22D-6FD0734445BE}.Release|Any CPU.ActiveCfg = Release|Any CPU
		{BE8F35BD-9D86-444F-B22D-6FD0734445BE}.Release|Any CPU.Build.0 = Release|Any CPU
		{694129F2-0C3A-498C-8027-93E351B3EBAF}.Debug|Any CPU.ActiveCfg = Debug|Any CPU
		{694129F2-0C3A-498C-8027-93E351B3EBAF}.Debug|Any CPU.Build.0 = Debug|Any CPU
		{694129F2-0C3A-498C-8027-93E351B3EBAF}.Release|Any CPU.ActiveCfg = Release|Any CPU
		{694129F2-0C3A-498C-8027-93E351B3EBAF}.Release|Any CPU.Build.0 = Release|Any CPU
		{D55CD879-5CE5-491A-8CAB-1980FE4A3FB8}.Debug|Any CPU.ActiveCfg = Debug|Any CPU
		{D55CD879-5CE5-491A-8CAB-1980FE4A3FB8}.Debug|Any CPU.Build.0 = Debug|Any CPU
		{D55CD879-5CE5-491A-8CAB-1980FE4A3FB8}.Release|Any CPU.ActiveCfg = Release|Any CPU
		{D55CD879-5CE5-491A-8CAB-1980FE4A3FB8}.Release|Any CPU.Build.0 = Release|Any CPU
		{E13CB089-C458-4BB0-8AE3-E84859F90F9D}.Debug|Any CPU.ActiveCfg = Debug|Any CPU
		{E13CB089-C458-4BB0-8AE3-E84859F90F9D}.Debug|Any CPU.Build.0 = Debug|Any CPU
		{E13CB089-C458-4BB0-8AE3-E84859F90F9D}.Release|Any CPU.ActiveCfg = Release|Any CPU
		{E13CB089-C458-4BB0-8AE3-E84859F90F9D}.Release|Any CPU.Build.0 = Release|Any CPU
		{19B73668-32C2-4F08-B8B5-C4565288B759}.Debug|Any CPU.ActiveCfg = Debug|Any CPU
		{19B73668-32C2-4F08-B8B5-C4565288B759}.Debug|Any CPU.Build.0 = Debug|Any CPU
		{19B73668-32C2-4F08-B8B5-C4565288B759}.Release|Any CPU.ActiveCfg = Release|Any CPU
		{19B73668-32C2-4F08-B8B5-C4565288B759}.Release|Any CPU.Build.0 = Release|Any CPU
		{BF560D64-1522-4ED6-A6EA-F9833487AB93}.Debug|Any CPU.ActiveCfg = Debug|Any CPU
		{BF560D64-1522-4ED6-A6EA-F9833487AB93}.Debug|Any CPU.Build.0 = Debug|Any CPU
		{BF560D64-1522-4ED6-A6EA-F9833487AB93}.Release|Any CPU.ActiveCfg = Release|Any CPU
		{BF560D64-1522-4ED6-A6EA-F9833487AB93}.Release|Any CPU.Build.0 = Release|Any CPU
		{E288B966-0334-4AC7-B549-BBE7C77F9286}.Debug|Any CPU.ActiveCfg = Debug|Any CPU
		{E288B966-0334-4AC7-B549-BBE7C77F9286}.Debug|Any CPU.Build.0 = Debug|Any CPU
		{E288B966-0334-4AC7-B549-BBE7C77F9286}.Release|Any CPU.ActiveCfg = Release|Any CPU
		{E288B966-0334-4AC7-B549-BBE7C77F9286}.Release|Any CPU.Build.0 = Release|Any CPU
		{B0A5F636-1FA0-4E73-9A1D-509ECAFD06FF}.Debug|Any CPU.ActiveCfg = Debug|Any CPU
		{B0A5F636-1FA0-4E73-9A1D-509ECAFD06FF}.Debug|Any CPU.Build.0 = Debug|Any CPU
		{B0A5F636-1FA0-4E73-9A1D-509ECAFD06FF}.Release|Any CPU.ActiveCfg = Release|Any CPU
		{B0A5F636-1FA0-4E73-9A1D-509ECAFD06FF}.Release|Any CPU.Build.0 = Release|Any CPU
		{3C66D341-B465-4F4B-80C9-079396A2F77E}.Debug|Any CPU.ActiveCfg = Debug|Any CPU
		{3C66D341-B465-4F4B-80C9-079396A2F77E}.Debug|Any CPU.Build.0 = Debug|Any CPU
		{3C66D341-B465-4F4B-80C9-079396A2F77E}.Release|Any CPU.ActiveCfg = Release|Any CPU
		{3C66D341-B465-4F4B-80C9-079396A2F77E}.Release|Any CPU.Build.0 = Release|Any CPU
		{DFE07C77-520C-4306-9AA1-BA20E79C563B}.Debug|Any CPU.ActiveCfg = Debug|Any CPU
		{DFE07C77-520C-4306-9AA1-BA20E79C563B}.Debug|Any CPU.Build.0 = Debug|Any CPU
		{DFE07C77-520C-4306-9AA1-BA20E79C563B}.Release|Any CPU.ActiveCfg = Release|Any CPU
		{DFE07C77-520C-4306-9AA1-BA20E79C563B}.Release|Any CPU.Build.0 = Release|Any CPU
		{DB43913C-F505-43AF-9831-D2B7431A2A8C}.Debug|Any CPU.ActiveCfg = Debug|Any CPU
		{DB43913C-F505-43AF-9831-D2B7431A2A8C}.Debug|Any CPU.Build.0 = Debug|Any CPU
		{DB43913C-F505-43AF-9831-D2B7431A2A8C}.Release|Any CPU.ActiveCfg = Release|Any CPU
		{DB43913C-F505-43AF-9831-D2B7431A2A8C}.Release|Any CPU.Build.0 = Release|Any CPU
		{77E9619D-D6F0-48F4-A6BD-D5F77A07A711}.Debug|Any CPU.ActiveCfg = Debug|Any CPU
		{77E9619D-D6F0-48F4-A6BD-D5F77A07A711}.Debug|Any CPU.Build.0 = Debug|Any CPU
		{77E9619D-D6F0-48F4-A6BD-D5F77A07A711}.Release|Any CPU.ActiveCfg = Release|Any CPU
		{77E9619D-D6F0-48F4-A6BD-D5F77A07A711}.Release|Any CPU.Build.0 = Release|Any CPU
		{DE6095F3-2677-4568-9FA6-0F13FD2778F9}.Debug|Any CPU.ActiveCfg = Debug|Any CPU
		{DE6095F3-2677-4568-9FA6-0F13FD2778F9}.Debug|Any CPU.Build.0 = Debug|Any CPU
		{DE6095F3-2677-4568-9FA6-0F13FD2778F9}.Release|Any CPU.ActiveCfg = Release|Any CPU
		{DE6095F3-2677-4568-9FA6-0F13FD2778F9}.Release|Any CPU.Build.0 = Release|Any CPU
		{1A336167-4B8F-419A-BC43-39EA6F1F2EB9}.Debug|Any CPU.ActiveCfg = Debug|Any CPU
		{1A336167-4B8F-419A-BC43-39EA6F1F2EB9}.Debug|Any CPU.Build.0 = Debug|Any CPU
		{1A336167-4B8F-419A-BC43-39EA6F1F2EB9}.Release|Any CPU.ActiveCfg = Release|Any CPU
		{1A336167-4B8F-419A-BC43-39EA6F1F2EB9}.Release|Any CPU.Build.0 = Release|Any CPU
		{20D6C08F-9973-42F3-AB07-A5733D4B2E23}.Debug|Any CPU.ActiveCfg = Debug|Any CPU
		{20D6C08F-9973-42F3-AB07-A5733D4B2E23}.Debug|Any CPU.Build.0 = Debug|Any CPU
		{20D6C08F-9973-42F3-AB07-A5733D4B2E23}.Release|Any CPU.ActiveCfg = Release|Any CPU
		{20D6C08F-9973-42F3-AB07-A5733D4B2E23}.Release|Any CPU.Build.0 = Release|Any CPU
		{3839E46A-B784-4E62-A2B1-C7243F590AF4}.Debug|Any CPU.ActiveCfg = Debug|Any CPU
		{3839E46A-B784-4E62-A2B1-C7243F590AF4}.Debug|Any CPU.Build.0 = Debug|Any CPU
		{3839E46A-B784-4E62-A2B1-C7243F590AF4}.Release|Any CPU.ActiveCfg = Release|Any CPU
		{3839E46A-B784-4E62-A2B1-C7243F590AF4}.Release|Any CPU.Build.0 = Release|Any CPU
	EndGlobalSection
	GlobalSection(SolutionProperties) = preSolution
		HideSolutionNode = FALSE
	EndGlobalSection
	GlobalSection(NestedProjects) = preSolution
		{694129F2-0C3A-498C-8027-93E351B3EBAF} = {03633DB6-71E5-4C6B-B3C4-E998ABF9E458}
		{D55CD879-5CE5-491A-8CAB-1980FE4A3FB8} = {C2A9A95C-F967-45AC-9F52-9A3323AF4158}
		{E13CB089-C458-4BB0-8AE3-E84859F90F9D} = {498AC205-C3B6-4E6D-AE56-83DC3421E7B6}
		{19B73668-32C2-4F08-B8B5-C4565288B759} = {498AC205-C3B6-4E6D-AE56-83DC3421E7B6}
		{BF560D64-1522-4ED6-A6EA-F9833487AB93} = {498AC205-C3B6-4E6D-AE56-83DC3421E7B6}
		{E288B966-0334-4AC7-B549-BBE7C77F9286} = {4C9CEE45-FB71-4AFA-818D-AB9B5DB4FD2C}
		{B0A5F636-1FA0-4E73-9A1D-509ECAFD06FF} = {4C9CEE45-FB71-4AFA-818D-AB9B5DB4FD2C}
		{3C66D341-B465-4F4B-80C9-079396A2F77E} = {4C9CEE45-FB71-4AFA-818D-AB9B5DB4FD2C}
		{DFE07C77-520C-4306-9AA1-BA20E79C563B} = {8B9DE939-10F6-4608-B397-28FDFEA64890}
		{DB43913C-F505-43AF-9831-D2B7431A2A8C} = {8B9DE939-10F6-4608-B397-28FDFEA64890}
		{77E9619D-D6F0-48F4-A6BD-D5F77A07A711} = {8B9DE939-10F6-4608-B397-28FDFEA64890}
		{DE6095F3-2677-4568-9FA6-0F13FD2778F9} = {952FF4B5-478B-4808-A8DF-641EE000BFC6}
		{1A336167-4B8F-419A-BC43-39EA6F1F2EB9} = {952FF4B5-478B-4808-A8DF-641EE000BFC6}
		{20D6C08F-9973-42F3-AB07-A5733D4B2E23} = {952FF4B5-478B-4808-A8DF-641EE000BFC6}
	EndGlobalSection
	GlobalSection(ExtensibilityGlobals) = postSolution
		SolutionGuid = {F8DD73AD-A140-44AC-8B3D-279FCB6060E9}
	EndGlobalSection
EndGlobal
